// !$*UTF8*$!
{
	archiveVersion = 1;
	classes = {
	};
	objectVersion = 52;
	objects = {

/* Begin PBXBuildFile section */
		89B3811E25629B1900F38E6A /* VocabulARApp.swift in Sources */ = {isa = PBXBuildFile; fileRef = 89B3811D25629B1900F38E6A /* VocabulARApp.swift */; };
		89B3812025629B1900F38E6A /* ContentView.swift in Sources */ = {isa = PBXBuildFile; fileRef = 89B3811F25629B1900F38E6A /* ContentView.swift */; };
		89B3812225629B1900F38E6A /* Assets.xcassets in Resources */ = {isa = PBXBuildFile; fileRef = 89B3812125629B1900F38E6A /* Assets.xcassets */; };
		89B3812525629B1900F38E6A /* Preview Assets.xcassets in Resources */ = {isa = PBXBuildFile; fileRef = 89B3812425629B1900F38E6A /* Preview Assets.xcassets */; };
		89B3812E25629B3600F38E6A /* ReaderViewController.swift in Sources */ = {isa = PBXBuildFile; fileRef = 89B3812D25629B3600F38E6A /* ReaderViewController.swift */; };
		89B381342562C87D00F38E6A /* Constraints in Frameworks */ = {isa = PBXBuildFile; productRef = 89B381332562C87D00F38E6A /* Constraints */; };
		89B381372562E5B800F38E6A /* CameraFeedView.swift in Sources */ = {isa = PBXBuildFile; fileRef = 89B381362562E5B800F38E6A /* CameraFeedView.swift */; };
		89B3813A2563205E00F38E6A /* ReaderView.swift in Sources */ = {isa = PBXBuildFile; fileRef = 89B381392563205E00F38E6A /* ReaderView.swift */; };
		89F1B4232569285900FA6B42 /* Common.swift in Sources */ = {isa = PBXBuildFile; fileRef = 89F1B4222569285900FA6B42 /* Common.swift */; };
/* End PBXBuildFile section */

/* Begin PBXFileReference section */
		89AB7C722571B2FA0075BB4A /* VocabulAR.entitlements */ = {isa = PBXFileReference; lastKnownFileType = text.plist.entitlements; path = VocabulAR.entitlements; sourceTree = "<group>"; };
		89B3811A25629B1900F38E6A /* VocabulAR.app */ = {isa = PBXFileReference; explicitFileType = wrapper.application; includeInIndex = 0; path = VocabulAR.app; sourceTree = BUILT_PRODUCTS_DIR; };
		89B3811D25629B1900F38E6A /* VocabulARApp.swift */ = {isa = PBXFileReference; lastKnownFileType = sourcecode.swift; path = VocabulARApp.swift; sourceTree = "<group>"; };
		89B3811F25629B1900F38E6A /* ContentView.swift */ = {isa = PBXFileReference; lastKnownFileType = sourcecode.swift; path = ContentView.swift; sourceTree = "<group>"; };
		89B3812125629B1900F38E6A /* Assets.xcassets */ = {isa = PBXFileReference; lastKnownFileType = folder.assetcatalog; path = Assets.xcassets; sourceTree = "<group>"; };
		89B3812425629B1900F38E6A /* Preview Assets.xcassets */ = {isa = PBXFileReference; lastKnownFileType = folder.assetcatalog; path = "Preview Assets.xcassets"; sourceTree = "<group>"; };
		89B3812625629B1900F38E6A /* Info.plist */ = {isa = PBXFileReference; lastKnownFileType = text.plist.xml; path = Info.plist; sourceTree = "<group>"; };
		89B3812D25629B3600F38E6A /* ReaderViewController.swift */ = {isa = PBXFileReference; lastKnownFileType = sourcecode.swift; path = ReaderViewController.swift; sourceTree = "<group>"; };
		89B381362562E5B800F38E6A /* CameraFeedView.swift */ = {isa = PBXFileReference; lastKnownFileType = sourcecode.swift; path = CameraFeedView.swift; sourceTree = "<group>"; };
		89B381392563205E00F38E6A /* ReaderView.swift */ = {isa = PBXFileReference; lastKnownFileType = sourcecode.swift; path = ReaderView.swift; sourceTree = "<group>"; };
		89F1B4222569285900FA6B42 /* Common.swift */ = {isa = PBXFileReference; lastKnownFileType = sourcecode.swift; path = Common.swift; sourceTree = "<group>"; };
/* End PBXFileReference section */

/* Begin PBXFrameworksBuildPhase section */
		89B3811725629B1900F38E6A /* Frameworks */ = {
			isa = PBXFrameworksBuildPhase;
			buildActionMask = 2147483647;
			files = (
				89B381342562C87D00F38E6A /* Constraints in Frameworks */,
			);
			runOnlyForDeploymentPostprocessing = 0;
		};
/* End PBXFrameworksBuildPhase section */

/* Begin PBXGroup section */
		89B3811125629B1900F38E6A = {
			isa = PBXGroup;
			children = (
				89B3811C25629B1900F38E6A /* VocabulAR */,
				89B3811B25629B1900F38E6A /* Products */,
			);
			sourceTree = "<group>";
		};
		89B3811B25629B1900F38E6A /* Products */ = {
			isa = PBXGroup;
			children = (
				89B3811A25629B1900F38E6A /* VocabulAR.app */,
			);
			name = Products;
			sourceTree = "<group>";
		};
		89B3811C25629B1900F38E6A /* VocabulAR */ = {
			isa = PBXGroup;
			children = (
				89AB7C722571B2FA0075BB4A /* VocabulAR.entitlements */,
				89B3811D25629B1900F38E6A /* VocabulARApp.swift */,
				89B3811F25629B1900F38E6A /* ContentView.swift */,
				89B3812D25629B3600F38E6A /* ReaderViewController.swift */,
				89B381392563205E00F38E6A /* ReaderView.swift */,
				89B381362562E5B800F38E6A /* CameraFeedView.swift */,
				89F1B4222569285900FA6B42 /* Common.swift */,
				89B3812125629B1900F38E6A /* Assets.xcassets */,
				89B3812625629B1900F38E6A /* Info.plist */,
				89B3812325629B1900F38E6A /* Preview Content */,
			);
			path = VocabulAR;
			sourceTree = "<group>";
		};
		89B3812325629B1900F38E6A /* Preview Content */ = {
			isa = PBXGroup;
			children = (
				89B3812425629B1900F38E6A /* Preview Assets.xcassets */,
			);
			path = "Preview Content";
			sourceTree = "<group>";
		};
/* End PBXGroup section */

/* Begin PBXNativeTarget section */
		89B3811925629B1900F38E6A /* VocabulAR */ = {
			isa = PBXNativeTarget;
			buildConfigurationList = 89B3812925629B1900F38E6A /* Build configuration list for PBXNativeTarget "VocabulAR" */;
			buildPhases = (
				89B3811625629B1900F38E6A /* Sources */,
				89B3811725629B1900F38E6A /* Frameworks */,
				89B3811825629B1900F38E6A /* Resources */,
			);
			buildRules = (
			);
			dependencies = (
			);
			name = VocabulAR;
			packageProductDependencies = (
				89B381332562C87D00F38E6A /* Constraints */,
			);
			productName = VocabulAR;
			productReference = 89B3811A25629B1900F38E6A /* VocabulAR.app */;
			productType = "com.apple.product-type.application";
		};
/* End PBXNativeTarget section */

/* Begin PBXProject section */
		89B3811225629B1900F38E6A /* Project object */ = {
			isa = PBXProject;
			attributes = {
				LastSwiftUpdateCheck = 1220;
				LastUpgradeCheck = 1220;
				TargetAttributes = {
					89B3811925629B1900F38E6A = {
						CreatedOnToolsVersion = 12.2;
					};
				};
			};
			buildConfigurationList = 89B3811525629B1900F38E6A /* Build configuration list for PBXProject "VocabulAR" */;
			compatibilityVersion = "Xcode 9.3";
			developmentRegion = en;
			hasScannedForEncodings = 0;
			knownRegions = (
				en,
				Base,
			);
			mainGroup = 89B3811125629B1900F38E6A;
			packageReferences = (
				89B381322562C87D00F38E6A /* XCRemoteSwiftPackageReference "Constraints" */,
			);
			productRefGroup = 89B3811B25629B1900F38E6A /* Products */;
			projectDirPath = "";
			projectRoot = "";
			targets = (
				89B3811925629B1900F38E6A /* VocabulAR */,
			);
		};
/* End PBXProject section */

/* Begin PBXResourcesBuildPhase section */
		89B3811825629B1900F38E6A /* Resources */ = {
			isa = PBXResourcesBuildPhase;
			buildActionMask = 2147483647;
			files = (
				89B3812525629B1900F38E6A /* Preview Assets.xcassets in Resources */,
				89B3812225629B1900F38E6A /* Assets.xcassets in Resources */,
			);
			runOnlyForDeploymentPostprocessing = 0;
		};
/* End PBXResourcesBuildPhase section */

/* Begin PBXSourcesBuildPhase section */
		89B3811625629B1900F38E6A /* Sources */ = {
			isa = PBXSourcesBuildPhase;
			buildActionMask = 2147483647;
			files = (
				89B3812025629B1900F38E6A /* ContentView.swift in Sources */,
				89B3813A2563205E00F38E6A /* ReaderView.swift in Sources */,
				89B3811E25629B1900F38E6A /* VocabulARApp.swift in Sources */,
				89B3812E25629B3600F38E6A /* ReaderViewController.swift in Sources */,
				89F1B4232569285900FA6B42 /* Common.swift in Sources */,
				89B381372562E5B800F38E6A /* CameraFeedView.swift in Sources */,
			);
			runOnlyForDeploymentPostprocessing = 0;
		};
/* End PBXSourcesBuildPhase section */

/* Begin XCBuildConfiguration section */
		89B3812725629B1900F38E6A /* Debug */ = {
			isa = XCBuildConfiguration;
			buildSettings = {
				ALWAYS_SEARCH_USER_PATHS = NO;
				CLANG_ANALYZER_NONNULL = YES;
				CLANG_ANALYZER_NUMBER_OBJECT_CONVERSION = YES_AGGRESSIVE;
				CLANG_CXX_LANGUAGE_STANDARD = "gnu++14";
				CLANG_CXX_LIBRARY = "libc++";
				CLANG_ENABLE_MODULES = YES;
				CLANG_ENABLE_OBJC_ARC = YES;
				CLANG_ENABLE_OBJC_WEAK = YES;
				CLANG_WARN_BLOCK_CAPTURE_AUTORELEASING = YES;
				CLANG_WARN_BOOL_CONVERSION = YES;
				CLANG_WARN_COMMA = YES;
				CLANG_WARN_CONSTANT_CONVERSION = YES;
				CLANG_WARN_DEPRECATED_OBJC_IMPLEMENTATIONS = YES;
				CLANG_WARN_DIRECT_OBJC_ISA_USAGE = YES_ERROR;
				CLANG_WARN_DOCUMENTATION_COMMENTS = YES;
				CLANG_WARN_EMPTY_BODY = YES;
				CLANG_WARN_ENUM_CONVERSION = YES;
				CLANG_WARN_INFINITE_RECURSION = YES;
				CLANG_WARN_INT_CONVERSION = YES;
				CLANG_WARN_NON_LITERAL_NULL_CONVERSION = YES;
				CLANG_WARN_OBJC_IMPLICIT_RETAIN_SELF = YES;
				CLANG_WARN_OBJC_LITERAL_CONVERSION = YES;
				CLANG_WARN_OBJC_ROOT_CLASS = YES_ERROR;
				CLANG_WARN_QUOTED_INCLUDE_IN_FRAMEWORK_HEADER = YES;
				CLANG_WARN_RANGE_LOOP_ANALYSIS = YES;
				CLANG_WARN_STRICT_PROTOTYPES = YES;
				CLANG_WARN_SUSPICIOUS_MOVE = YES;
				CLANG_WARN_UNGUARDED_AVAILABILITY = YES_AGGRESSIVE;
				CLANG_WARN_UNREACHABLE_CODE = YES;
				CLANG_WARN__DUPLICATE_METHOD_MATCH = YES;
				COPY_PHASE_STRIP = NO;
				DEBUG_INFORMATION_FORMAT = dwarf;
				ENABLE_STRICT_OBJC_MSGSEND = YES;
				ENABLE_TESTABILITY = YES;
				GCC_C_LANGUAGE_STANDARD = gnu11;
				GCC_DYNAMIC_NO_PIC = NO;
				GCC_NO_COMMON_BLOCKS = YES;
				GCC_OPTIMIZATION_LEVEL = 0;
				GCC_PREPROCESSOR_DEFINITIONS = (
					"DEBUG=1",
					"$(inherited)",
				);
				GCC_WARN_64_TO_32_BIT_CONVERSION = YES;
				GCC_WARN_ABOUT_RETURN_TYPE = YES_ERROR;
				GCC_WARN_UNDECLARED_SELECTOR = YES;
				GCC_WARN_UNINITIALIZED_AUTOS = YES_AGGRESSIVE;
				GCC_WARN_UNUSED_FUNCTION = YES;
				GCC_WARN_UNUSED_VARIABLE = YES;
				IPHONEOS_DEPLOYMENT_TARGET = 14.2;
				MTL_ENABLE_DEBUG_INFO = INCLUDE_SOURCE;
				MTL_FAST_MATH = YES;
				ONLY_ACTIVE_ARCH = YES;
				SDKROOT = iphoneos;
				SWIFT_ACTIVE_COMPILATION_CONDITIONS = DEBUG;
				SWIFT_OPTIMIZATION_LEVEL = "-Onone";
			};
			name = Debug;
		};
		89B3812825629B1900F38E6A /* Release */ = {
			isa = XCBuildConfiguration;
			buildSettings = {
				ALWAYS_SEARCH_USER_PATHS = NO;
				CLANG_ANALYZER_NONNULL = YES;
				CLANG_ANALYZER_NUMBER_OBJECT_CONVERSION = YES_AGGRESSIVE;
				CLANG_CXX_LANGUAGE_STANDARD = "gnu++14";
				CLANG_CXX_LIBRARY = "libc++";
				CLANG_ENABLE_MODULES = YES;
				CLANG_ENABLE_OBJC_ARC = YES;
				CLANG_ENABLE_OBJC_WEAK = YES;
				CLANG_WARN_BLOCK_CAPTURE_AUTORELEASING = YES;
				CLANG_WARN_BOOL_CONVERSION = YES;
				CLANG_WARN_COMMA = YES;
				CLANG_WARN_CONSTANT_CONVERSION = YES;
				CLANG_WARN_DEPRECATED_OBJC_IMPLEMENTATIONS = YES;
				CLANG_WARN_DIRECT_OBJC_ISA_USAGE = YES_ERROR;
				CLANG_WARN_DOCUMENTATION_COMMENTS = YES;
				CLANG_WARN_EMPTY_BODY = YES;
				CLANG_WARN_ENUM_CONVERSION = YES;
				CLANG_WARN_INFINITE_RECURSION = YES;
				CLANG_WARN_INT_CONVERSION = YES;
				CLANG_WARN_NON_LITERAL_NULL_CONVERSION = YES;
				CLANG_WARN_OBJC_IMPLICIT_RETAIN_SELF = YES;
				CLANG_WARN_OBJC_LITERAL_CONVERSION = YES;
				CLANG_WARN_OBJC_ROOT_CLASS = YES_ERROR;
				CLANG_WARN_QUOTED_INCLUDE_IN_FRAMEWORK_HEADER = YES;
				CLANG_WARN_RANGE_LOOP_ANALYSIS = YES;
				CLANG_WARN_STRICT_PROTOTYPES = YES;
				CLANG_WARN_SUSPICIOUS_MOVE = YES;
				CLANG_WARN_UNGUARDED_AVAILABILITY = YES_AGGRESSIVE;
				CLANG_WARN_UNREACHABLE_CODE = YES;
				CLANG_WARN__DUPLICATE_METHOD_MATCH = YES;
				COPY_PHASE_STRIP = NO;
				DEBUG_INFORMATION_FORMAT = "dwarf-with-dsym";
				ENABLE_NS_ASSERTIONS = NO;
				ENABLE_STRICT_OBJC_MSGSEND = YES;
				GCC_C_LANGUAGE_STANDARD = gnu11;
				GCC_NO_COMMON_BLOCKS = YES;
				GCC_WARN_64_TO_32_BIT_CONVERSION = YES;
				GCC_WARN_ABOUT_RETURN_TYPE = YES_ERROR;
				GCC_WARN_UNDECLARED_SELECTOR = YES;
				GCC_WARN_UNINITIALIZED_AUTOS = YES_AGGRESSIVE;
				GCC_WARN_UNUSED_FUNCTION = YES;
				GCC_WARN_UNUSED_VARIABLE = YES;
				IPHONEOS_DEPLOYMENT_TARGET = 14.2;
				MTL_ENABLE_DEBUG_INFO = NO;
				MTL_FAST_MATH = YES;
				SDKROOT = iphoneos;
				SWIFT_COMPILATION_MODE = wholemodule;
				SWIFT_OPTIMIZATION_LEVEL = "-O";
				VALIDATE_PRODUCT = YES;
			};
			name = Release;
		};
		89B3812A25629B1900F38E6A /* Debug */ = {
			isa = XCBuildConfiguration;
			buildSettings = {
				ASSETCATALOG_COMPILER_APPICON_NAME = AppIcon;
				ASSETCATALOG_COMPILER_GLOBAL_ACCENT_COLOR_NAME = AccentColor;
				CODE_SIGN_ENTITLEMENTS = VocabulAR/VocabulAR.entitlements;
				CODE_SIGN_STYLE = Automatic;
				CURRENT_PROJECT_VERSION = 0;
				DEVELOPMENT_ASSET_PATHS = "\"VocabulAR/Preview Content\"";
				DEVELOPMENT_TEAM = 5W3SMC6NDZ;
				ENABLE_PREVIEWS = YES;
				INFOPLIST_FILE = VocabulAR/Info.plist;
				IPHONEOS_DEPLOYMENT_TARGET = 14.0;
				LD_RUNPATH_SEARCH_PATHS = (
					"$(inherited)",
					"@executable_path/Frameworks",
				);
				PRODUCT_BUNDLE_IDENTIFIER = com.sergevysotsky.VocabulAR;
				PRODUCT_NAME = "$(TARGET_NAME)";
				SUPPORTS_MACCATALYST = NO;
				SWIFT_VERSION = 5.0;
				TARGETED_DEVICE_FAMILY = "1,2";
			};
			name = Debug;
		};
		89B3812B25629B1900F38E6A /* Release */ = {
			isa = XCBuildConfiguration;
			buildSettings = {
				ASSETCATALOG_COMPILER_APPICON_NAME = AppIcon;
				ASSETCATALOG_COMPILER_GLOBAL_ACCENT_COLOR_NAME = AccentColor;
				CODE_SIGN_ENTITLEMENTS = VocabulAR/VocabulAR.entitlements;
				CODE_SIGN_STYLE = Automatic;
				CURRENT_PROJECT_VERSION = 0;
				DEVELOPMENT_ASSET_PATHS = "\"VocabulAR/Preview Content\"";
				DEVELOPMENT_TEAM = 5W3SMC6NDZ;
				ENABLE_PREVIEWS = YES;
				INFOPLIST_FILE = VocabulAR/Info.plist;
				IPHONEOS_DEPLOYMENT_TARGET = 14.0;
				LD_RUNPATH_SEARCH_PATHS = (
					"$(inherited)",
					"@executable_path/Frameworks",
				);
				PRODUCT_BUNDLE_IDENTIFIER = com.sergevysotsky.VocabulAR;
				PRODUCT_NAME = "$(TARGET_NAME)";
				SUPPORTS_MACCATALYST = NO;
				SWIFT_VERSION = 5.0;
				TARGETED_DEVICE_FAMILY = "1,2";
			};
			name = Release;
		};
/* End XCBuildConfiguration section */

/* Begin XCConfigurationList section */
		89B3811525629B1900F38E6A /* Build configuration list for PBXProject "VocabulAR" */ = {
			isa = XCConfigurationList;
			buildConfigurations = (
				89B3812725629B1900F38E6A /* Debug */,
				89B3812825629B1900F38E6A /* Release */,
			);
			defaultConfigurationIsVisible = 0;
			defaultConfigurationName = Release;
		};
		89B3812925629B1900F38E6A /* Build configuration list for PBXNativeTarget "VocabulAR" */ = {
			isa = XCConfigurationList;
			buildConfigurations = (
				89B3812A25629B1900F38E6A /* Debug */,
				89B3812B25629B1900F38E6A /* Release */,
			);
			defaultConfigurationIsVisible = 0;
			defaultConfigurationName = Release;
		};
/* End XCConfigurationList section */

/* Begin XCRemoteSwiftPackageReference section */
		89B381322562C87D00F38E6A /* XCRemoteSwiftPackageReference "Constraints" */ = {
			isa = XCRemoteSwiftPackageReference;
			repositoryURL = "https://github.com/vysotskiyserhiy/Constraints.git";
			requirement = {
				kind = upToNextMajorVersion;
				minimumVersion = 1.4.0;
			};
		};
/* End XCRemoteSwiftPackageReference section */

/* Begin XCSwiftPackageProductDependency section */
		89B381332562C87D00F38E6A /* Constraints */ = {
			isa = XCSwiftPackageProductDependency;
			package = 89B381322562C87D00F38E6A /* XCRemoteSwiftPackageReference "Constraints" */;
			productName = Constraints;
		};
/* End XCSwiftPackageProductDependency section */
	};
	rootObject = 89B3811225629B1900F38E6A /* Project object */;
}
